// !$*UTF8*$!
{
	archiveVersion = 1;
	classes = {
	};
	objectVersion = 46;
	objects = {

/* Begin PBXBuildFile section */
		18CAA8A71AD2FB210068C745 /* main.m in Sources */ = {isa = PBXBuildFile; fileRef = 18CAA8A61AD2FB210068C745 /* main.m */; };
		18CAA8AA1AD2FB210068C745 /* AppDelegate.m in Sources */ = {isa = PBXBuildFile; fileRef = 18CAA8A91AD2FB210068C745 /* AppDelegate.m */; };
		18CAA8AD1AD2FB210068C745 /* LostCharacters.xcdatamodeld in Sources */ = {isa = PBXBuildFile; fileRef = 18CAA8AB1AD2FB210068C745 /* LostCharacters.xcdatamodeld */; };
		18CAA8B01AD2FB210068C745 /* LostMainViewController.m in Sources */ = {isa = PBXBuildFile; fileRef = 18CAA8AF1AD2FB210068C745 /* LostMainViewController.m */; };
		18CAA8B31AD2FB210068C745 /* Main.storyboard in Resources */ = {isa = PBXBuildFile; fileRef = 18CAA8B11AD2FB210068C745 /* Main.storyboard */; };
		18CAA8B51AD2FB210068C745 /* Images.xcassets in Resources */ = {isa = PBXBuildFile; fileRef = 18CAA8B41AD2FB210068C745 /* Images.xcassets */; };
		18CAA8B81AD2FB210068C745 /* LaunchScreen.xib in Resources */ = {isa = PBXBuildFile; fileRef = 18CAA8B61AD2FB210068C745 /* LaunchScreen.xib */; };
		18CAA8C41AD2FB210068C745 /* LostCharactersTests.m in Sources */ = {isa = PBXBuildFile; fileRef = 18CAA8C31AD2FB210068C745 /* LostCharactersTests.m */; };
		18CAA8CF1AD31DCD0068C745 /* Character.m in Sources */ = {isa = PBXBuildFile; fileRef = 18CAA8CE1AD31DCD0068C745 /* Character.m */; };
		18CAA8D41AD3238E0068C745 /* LostTableViewCell.m in Sources */ = {isa = PBXBuildFile; fileRef = 18CAA8D31AD3238E0068C745 /* LostTableViewCell.m */; };
		18CAA8D61AD337E90068C745 /* lost.plist in Resources */ = {isa = PBXBuildFile; fileRef = 18CAA8D51AD337E90068C745 /* lost.plist */; };
		18CAA8D91AD3501F0068C745 /* EditViewController.m in Sources */ = {isa = PBXBuildFile; fileRef = 18CAA8D81AD3501F0068C745 /* EditViewController.m */; };
		18CAA8DC1AD35B860068C745 /* AddNewViewController.m in Sources */ = {isa = PBXBuildFile; fileRef = 18CAA8DB1AD35B860068C745 /* AddNewViewController.m */; };
/* End PBXBuildFile section */

/* Begin PBXContainerItemProxy section */
		18CAA8BE1AD2FB210068C745 /* PBXContainerItemProxy */ = {
			isa = PBXContainerItemProxy;
			containerPortal = 18CAA8991AD2FB210068C745 /* Project object */;
			proxyType = 1;
			remoteGlobalIDString = 18CAA8A01AD2FB210068C745;
			remoteInfo = LostCharacters;
		};
/* End PBXContainerItemProxy section */

/* Begin PBXFileReference section */
		18CAA8A11AD2FB210068C745 /* LostCharacters.app */ = {isa = PBXFileReference; explicitFileType = wrapper.application; includeInIndex = 0; path = LostCharacters.app; sourceTree = BUILT_PRODUCTS_DIR; };
		18CAA8A51AD2FB210068C745 /* Info.plist */ = {isa = PBXFileReference; lastKnownFileType = text.plist.xml; path = Info.plist; sourceTree = "<group>"; };
		18CAA8A61AD2FB210068C745 /* main.m */ = {isa = PBXFileReference; lastKnownFileType = sourcecode.c.objc; path = main.m; sourceTree = "<group>"; };
		18CAA8A81AD2FB210068C745 /* AppDelegate.h */ = {isa = PBXFileReference; lastKnownFileType = sourcecode.c.h; path = AppDelegate.h; sourceTree = "<group>"; };
		18CAA8A91AD2FB210068C745 /* AppDelegate.m */ = {isa = PBXFileReference; lastKnownFileType = sourcecode.c.objc; path = AppDelegate.m; sourceTree = "<group>"; };
		18CAA8AC1AD2FB210068C745 /* LostCharacters.xcdatamodel */ = {isa = PBXFileReference; lastKnownFileType = wrapper.xcdatamodel; path = LostCharacters.xcdatamodel; sourceTree = "<group>"; };
		18CAA8AE1AD2FB210068C745 /* LostMainViewController.h */ = {isa = PBXFileReference; lastKnownFileType = sourcecode.c.h; path = LostMainViewController.h; sourceTree = "<group>"; };
		18CAA8AF1AD2FB210068C745 /* LostMainViewController.m */ = {isa = PBXFileReference; lastKnownFileType = sourcecode.c.objc; path = LostMainViewController.m; sourceTree = "<group>"; };
		18CAA8B21AD2FB210068C745 /* Base */ = {isa = PBXFileReference; lastKnownFileType = file.storyboard; name = Base; path = Base.lproj/Main.storyboard; sourceTree = "<group>"; };
		18CAA8B41AD2FB210068C745 /* Images.xcassets */ = {isa = PBXFileReference; lastKnownFileType = folder.assetcatalog; path = Images.xcassets; sourceTree = "<group>"; };
		18CAA8B71AD2FB210068C745 /* Base */ = {isa = PBXFileReference; lastKnownFileType = file.xib; name = Base; path = Base.lproj/LaunchScreen.xib; sourceTree = "<group>"; };
		18CAA8BD1AD2FB210068C745 /* LostCharactersTests.xctest */ = {isa = PBXFileReference; explicitFileType = wrapper.cfbundle; includeInIndex = 0; path = LostCharactersTests.xctest; sourceTree = BUILT_PRODUCTS_DIR; };
		18CAA8C21AD2FB210068C745 /* Info.plist */ = {isa = PBXFileReference; lastKnownFileType = text.plist.xml; path = Info.plist; sourceTree = "<group>"; };
		18CAA8C31AD2FB210068C745 /* LostCharactersTests.m */ = {isa = PBXFileReference; lastKnownFileType = sourcecode.c.objc; path = LostCharactersTests.m; sourceTree = "<group>"; };
		18CAA8CD1AD31DCD0068C745 /* Character.h */ = {isa = PBXFileReference; fileEncoding = 4; lastKnownFileType = sourcecode.c.h; path = Character.h; sourceTree = "<group>"; };
		18CAA8CE1AD31DCD0068C745 /* Character.m */ = {isa = PBXFileReference; fileEncoding = 4; lastKnownFileType = sourcecode.c.objc; path = Character.m; sourceTree = "<group>"; };
		18CAA8D21AD3238E0068C745 /* LostTableViewCell.h */ = {isa = PBXFileReference; fileEncoding = 4; lastKnownFileType = sourcecode.c.h; path = LostTableViewCell.h; sourceTree = "<group>"; };
		18CAA8D31AD3238E0068C745 /* LostTableViewCell.m */ = {isa = PBXFileReference; fileEncoding = 4; lastKnownFileType = sourcecode.c.objc; path = LostTableViewCell.m; sourceTree = "<group>"; };
		18CAA8D51AD337E90068C745 /* lost.plist */ = {isa = PBXFileReference; fileEncoding = 4; lastKnownFileType = text.plist.xml; path = lost.plist; sourceTree = "<group>"; };
		18CAA8D71AD3501F0068C745 /* EditViewController.h */ = {isa = PBXFileReference; fileEncoding = 4; lastKnownFileType = sourcecode.c.h; path = EditViewController.h; sourceTree = "<group>"; };
		18CAA8D81AD3501F0068C745 /* EditViewController.m */ = {isa = PBXFileReference; fileEncoding = 4; lastKnownFileType = sourcecode.c.objc; path = EditViewController.m; sourceTree = "<group>"; };
		18CAA8DA1AD35B860068C745 /* AddNewViewController.h */ = {isa = PBXFileReference; fileEncoding = 4; lastKnownFileType = sourcecode.c.h; name = AddNewViewController.h; path = ../AddNewViewController.h; sourceTree = "<group>"; };
		18CAA8DB1AD35B860068C745 /* AddNewViewController.m */ = {isa = PBXFileReference; fileEncoding = 4; lastKnownFileType = sourcecode.c.objc; name = AddNewViewController.m; path = ../AddNewViewController.m; sourceTree = "<group>"; };
/* End PBXFileReference section */

/* Begin PBXFrameworksBuildPhase section */
		18CAA89E1AD2FB210068C745 /* Frameworks */ = {
			isa = PBXFrameworksBuildPhase;
			buildActionMask = 2147483647;
			files = (
			);
			runOnlyForDeploymentPostprocessing = 0;
		};
		18CAA8BA1AD2FB210068C745 /* Frameworks */ = {
			isa = PBXFrameworksBuildPhase;
			buildActionMask = 2147483647;
			files = (
			);
			runOnlyForDeploymentPostprocessing = 0;
		};
/* End PBXFrameworksBuildPhase section */

/* Begin PBXGroup section */
		18CAA8981AD2FB210068C745 = {
			isa = PBXGroup;
			children = (
				18CAA8B11AD2FB210068C745 /* Main.storyboard */,
				18CAA8A31AD2FB210068C745 /* LostCharacters */,
				18CAA8C01AD2FB210068C745 /* LostCharactersTests */,
				18CAA8A21AD2FB210068C745 /* Products */,
			);
			sourceTree = "<group>";
		};
		18CAA8A21AD2FB210068C745 /* Products */ = {
			isa = PBXGroup;
			children = (
				18CAA8A11AD2FB210068C745 /* LostCharacters.app */,
				18CAA8BD1AD2FB210068C745 /* LostCharactersTests.xctest */,
			);
			name = Products;
			sourceTree = "<group>";
		};
		18CAA8A31AD2FB210068C745 /* LostCharacters */ = {
			isa = PBXGroup;
			children = (
				18CAA8D01AD322050068C745 /* Classes */,
				18CAA8D11AD322160068C745 /* Model */,
				18CAA8A41AD2FB210068C745 /* Supporting Files */,
			);
			path = LostCharacters;
			sourceTree = "<group>";
		};
		18CAA8A41AD2FB210068C745 /* Supporting Files */ = {
			isa = PBXGroup;
			children = (
				18CAA8A51AD2FB210068C745 /* Info.plist */,
				18CAA8D51AD337E90068C745 /* lost.plist */,
				18CAA8A61AD2FB210068C745 /* main.m */,
				18CAA8B41AD2FB210068C745 /* Images.xcassets */,
				18CAA8B61AD2FB210068C745 /* LaunchScreen.xib */,
				18CAA8AB1AD2FB210068C745 /* LostCharacters.xcdatamodeld */,
			);
			name = "Supporting Files";
			sourceTree = "<group>";
		};
		18CAA8C01AD2FB210068C745 /* LostCharactersTests */ = {
			isa = PBXGroup;
			children = (
				18CAA8C31AD2FB210068C745 /* LostCharactersTests.m */,
				18CAA8C11AD2FB210068C745 /* Supporting Files */,
			);
			path = LostCharactersTests;
			sourceTree = "<group>";
		};
		18CAA8C11AD2FB210068C745 /* Supporting Files */ = {
			isa = PBXGroup;
			children = (
				18CAA8C21AD2FB210068C745 /* Info.plist */,
			);
			name = "Supporting Files";
			sourceTree = "<group>";
		};
		18CAA8D01AD322050068C745 /* Classes */ = {
			isa = PBXGroup;
			children = (
				18CAA8A81AD2FB210068C745 /* AppDelegate.h */,
				18CAA8A91AD2FB210068C745 /* AppDelegate.m */,
				18CAA8AE1AD2FB210068C745 /* LostMainViewController.h */,
				18CAA8AF1AD2FB210068C745 /* LostMainViewController.m */,
				18CAA8D21AD3238E0068C745 /* LostTableViewCell.h */,
				18CAA8D31AD3238E0068C745 /* LostTableViewCell.m */,
				18CAA8D71AD3501F0068C745 /* EditViewController.h */,
				18CAA8D81AD3501F0068C745 /* EditViewController.m */,
				18CAA8DA1AD35B860068C745 /* AddNewViewController.h */,
				18CAA8DB1AD35B860068C745 /* AddNewViewController.m */,
			);
			name = Classes;
			sourceTree = "<group>";
		};
		18CAA8D11AD322160068C745 /* Model */ = {
			isa = PBXGroup;
			children = (
				18CAA8CD1AD31DCD0068C745 /* Character.h */,
				18CAA8CE1AD31DCD0068C745 /* Character.m */,
			);
			name = Model;
			sourceTree = "<group>";
		};
/* End PBXGroup section */

/* Begin PBXNativeTarget section */
		18CAA8A01AD2FB210068C745 /* LostCharacters */ = {
			isa = PBXNativeTarget;
			buildConfigurationList = 18CAA8C71AD2FB210068C745 /* Build configuration list for PBXNativeTarget "LostCharacters" */;
			buildPhases = (
				18CAA89D1AD2FB210068C745 /* Sources */,
				18CAA89E1AD2FB210068C745 /* Frameworks */,
				18CAA89F1AD2FB210068C745 /* Resources */,
			);
			buildRules = (
			);
			dependencies = (
			);
			name = LostCharacters;
			productName = LostCharacters;
			productReference = 18CAA8A11AD2FB210068C745 /* LostCharacters.app */;
			productType = "com.apple.product-type.application";
		};
		18CAA8BC1AD2FB210068C745 /* LostCharactersTests */ = {
			isa = PBXNativeTarget;
			buildConfigurationList = 18CAA8CA1AD2FB210068C745 /* Build configuration list for PBXNativeTarget "LostCharactersTests" */;
			buildPhases = (
				18CAA8B91AD2FB210068C745 /* Sources */,
				18CAA8BA1AD2FB210068C745 /* Frameworks */,
				18CAA8BB1AD2FB210068C745 /* Resources */,
			);
			buildRules = (
			);
			dependencies = (
				18CAA8BF1AD2FB210068C745 /* PBXTargetDependency */,
			);
			name = LostCharactersTests;
			productName = LostCharactersTests;
			productReference = 18CAA8BD1AD2FB210068C745 /* LostCharactersTests.xctest */;
			productType = "com.apple.product-type.bundle.unit-test";
		};
/* End PBXNativeTarget section */

/* Begin PBXProject section */
		18CAA8991AD2FB210068C745 /* Project object */ = {
			isa = PBXProject;
			attributes = {
				LastUpgradeCheck = 0620;
				ORGANIZATIONNAME = "Sherrie Jones";
				TargetAttributes = {
					18CAA8A01AD2FB210068C745 = {
						CreatedOnToolsVersion = 6.2;
					};
					18CAA8BC1AD2FB210068C745 = {
						CreatedOnToolsVersion = 6.2;
						TestTargetID = 18CAA8A01AD2FB210068C745;
					};
				};
			};
			buildConfigurationList = 18CAA89C1AD2FB210068C745 /* Build configuration list for PBXProject "LostCharacters" */;
			compatibilityVersion = "Xcode 3.2";
			developmentRegion = English;
			hasScannedForEncodings = 0;
			knownRegions = (
				en,
				Base,
			);
			mainGroup = 18CAA8981AD2FB210068C745;
			productRefGroup = 18CAA8A21AD2FB210068C745 /* Products */;
			projectDirPath = "";
			projectRoot = "";
			targets = (
				18CAA8A01AD2FB210068C745 /* LostCharacters */,
				18CAA8BC1AD2FB210068C745 /* LostCharactersTests */,
			);
		};
/* End PBXProject section */

/* Begin PBXResourcesBuildPhase section */
		18CAA89F1AD2FB210068C745 /* Resources */ = {
			isa = PBXResourcesBuildPhase;
			buildActionMask = 2147483647;
			files = (
				18CAA8B31AD2FB210068C745 /* Main.storyboard in Resources */,
				18CAA8B81AD2FB210068C745 /* LaunchScreen.xib in Resources */,
				18CAA8D61AD337E90068C745 /* lost.plist in Resources */,
				18CAA8B51AD2FB210068C745 /* Images.xcassets in Resources */,
			);
			runOnlyForDeploymentPostprocessing = 0;
		};
		18CAA8BB1AD2FB210068C745 /* Resources */ = {
			isa = PBXResourcesBuildPhase;
			buildActionMask = 2147483647;
			files = (
			);
			runOnlyForDeploymentPostprocessing = 0;
		};
/* End PBXResourcesBuildPhase section */

/* Begin PBXSourcesBuildPhase section */
		18CAA89D1AD2FB210068C745 /* Sources */ = {
			isa = PBXSourcesBuildPhase;
			buildActionMask = 2147483647;
			files = (
				18CAA8AD1AD2FB210068C745 /* LostCharacters.xcdatamodeld in Sources */,
				18CAA8CF1AD31DCD0068C745 /* Character.m in Sources */,
				18CAA8AA1AD2FB210068C745 /* AppDelegate.m in Sources */,
				18CAA8DC1AD35B860068C745 /* AddNewViewController.m in Sources */,
				18CAA8D91AD3501F0068C745 /* EditViewController.m in Sources */,
				18CAA8B01AD2FB210068C745 /* LostMainViewController.m in Sources */,
				18CAA8A71AD2FB210068C745 /* main.m in Sources */,
				18CAA8D41AD3238E0068C745 /* LostTableViewCell.m in Sources */,
			);
			runOnlyForDeploymentPostprocessing = 0;
		};
		18CAA8B91AD2FB210068C745 /* Sources */ = {
			isa = PBXSourcesBuildPhase;
			buildActionMask = 2147483647;
			files = (
				18CAA8C41AD2FB210068C745 /* LostCharactersTests.m in Sources */,
			);
			runOnlyForDeploymentPostprocessing = 0;
		};
/* End PBXSourcesBuildPhase section */

/* Begin PBXTargetDependency section */
		18CAA8BF1AD2FB210068C745 /* PBXTargetDependency */ = {
			isa = PBXTargetDependency;
			target = 18CAA8A01AD2FB210068C745 /* LostCharacters */;
			targetProxy = 18CAA8BE1AD2FB210068C745 /* PBXContainerItemProxy */;
		};
/* End PBXTargetDependency section */

/* Begin PBXVariantGroup section */
		18CAA8B11AD2FB210068C745 /* Main.storyboard */ = {
			isa = PBXVariantGroup;
			children = (
				18CAA8B21AD2FB210068C745 /* Base */,
			);
			name = Main.storyboard;
			path = LostCharacters;
			sourceTree = "<group>";
		};
		18CAA8B61AD2FB210068C745 /* LaunchScreen.xib */ = {
			isa = PBXVariantGroup;
			children = (
				18CAA8B71AD2FB210068C745 /* Base */,
			);
			name = LaunchScreen.xib;
			sourceTree = "<group>";
		};
/* End PBXVariantGroup section */

/* Begin XCBuildConfiguration section */
		18CAA8C51AD2FB210068C745 /* Debug */ = {
			isa = XCBuildConfiguration;
			buildSettings = {
				ALWAYS_SEARCH_USER_PATHS = NO;
				CLANG_CXX_LANGUAGE_STANDARD = "gnu++0x";
				CLANG_CXX_LIBRARY = "libc++";
				CLANG_ENABLE_MODULES = YES;
				CLANG_ENABLE_OBJC_ARC = YES;
				CLANG_WARN_BOOL_CONVERSION = YES;
				CLANG_WARN_CONSTANT_CONVERSION = YES;
				CLANG_WARN_DIRECT_OBJC_ISA_USAGE = YES_ERROR;
				CLANG_WARN_EMPTY_BODY = YES;
				CLANG_WARN_ENUM_CONVERSION = YES;
				CLANG_WARN_INT_CONVERSION = YES;
				CLANG_WARN_OBJC_ROOT_CLASS = YES_ERROR;
				CLANG_WARN_UNREACHABLE_CODE = YES;
				CLANG_WARN__DUPLICATE_METHOD_MATCH = YES;
				"CODE_SIGN_IDENTITY[sdk=iphoneos*]" = "iPhone Developer";
				COPY_PHASE_STRIP = NO;
				ENABLE_STRICT_OBJC_MSGSEND = YES;
				GCC_C_LANGUAGE_STANDARD = gnu99;
				GCC_DYNAMIC_NO_PIC = NO;
				GCC_OPTIMIZATION_LEVEL = 0;
				GCC_PREPROCESSOR_DEFINITIONS = (
					"DEBUG=1",
					"$(inherited)",
				);
				GCC_SYMBOLS_PRIVATE_EXTERN = NO;
				GCC_WARN_64_TO_32_BIT_CONVERSION = YES;
				GCC_WARN_ABOUT_RETURN_TYPE = YES_ERROR;
				GCC_WARN_UNDECLARED_SELECTOR = YES;
				GCC_WARN_UNINITIALIZED_AUTOS = YES_AGGRESSIVE;
				GCC_WARN_UNUSED_FUNCTION = YES;
				GCC_WARN_UNUSED_VARIABLE = YES;
				IPHONEOS_DEPLOYMENT_TARGET = 8.2;
				MTL_ENABLE_DEBUG_INFO = YES;
				ONLY_ACTIVE_ARCH = YES;
				SDKROOT = iphoneos;
			};
			name = Debug;
		};
		18CAA8C61AD2FB210068C745 /* Release */ = {
			isa = XCBuildConfiguration;
			buildSettings = {
				ALWAYS_SEARCH_USER_PATHS = NO;
				CLANG_CXX_LANGUAGE_STANDARD = "gnu++0x";
				CLANG_CXX_LIBRARY = "libc++";
				CLANG_ENABLE_MODULES = YES;
				CLANG_ENABLE_OBJC_ARC = YES;
				CLANG_WARN_BOOL_CONVERSION = YES;
				CLANG_WARN_CONSTANT_CONVERSION = YES;
				CLANG_WARN_DIRECT_OBJC_ISA_USAGE = YES_ERROR;
				CLANG_WARN_EMPTY_BODY = YES;
				CLANG_WARN_ENUM_CONVERSION = YES;
				CLANG_WARN_INT_CONVERSION = YES;
				CLANG_WARN_OBJC_ROOT_CLASS = YES_ERROR;
				CLANG_WARN_UNREACHABLE_CODE = YES;
				CLANG_WARN__DUPLICATE_METHOD_MATCH = YES;
				"CODE_SIGN_IDENTITY[sdk=iphoneos*]" = "iPhone Developer";
				COPY_PHASE_STRIP = NO;
				ENABLE_NS_ASSERTIONS = NO;
				ENABLE_STRICT_OBJC_MSGSEND = YES;
				GCC_C_LANGUAGE_STANDARD = gnu99;
				GCC_WARN_64_TO_32_BIT_CONVERSION = YES;
				GCC_WARN_ABOUT_RETURN_TYPE = YES_ERROR;
				GCC_WARN_UNDECLARED_SELECTOR = YES;
				GCC_WARN_UNINITIALIZED_AUTOS = YES_AGGRESSIVE;
				GCC_WARN_UNUSED_FUNCTION = YES;
				GCC_WARN_UNUSED_VARIABLE = YES;
				IPHONEOS_DEPLOYMENT_TARGET = 8.2;
				MTL_ENABLE_DEBUG_INFO = NO;
				SDKROOT = iphoneos;
				VALIDATE_PRODUCT = YES;
			};
			name = Release;
		};
		18CAA8C81AD2FB210068C745 /* Debug */ = {
			isa = XCBuildConfiguration;
			buildSettings = {
				ASSETCATALOG_COMPILER_APPICON_NAME = AppIcon;
				INFOPLIST_FILE = LostCharacters/Info.plist;
				LD_RUNPATH_SEARCH_PATHS = "$(inherited) @executable_path/Frameworks";
				PRODUCT_NAME = "$(TARGET_NAME)";
			};
			name = Debug;
		};
		18CAA8C91AD2FB210068C745 /* Release */ = {
			isa = XCBuildConfiguration;
			buildSettings = {
				ASSETCATALOG_COMPILER_APPICON_NAME = AppIcon;
				INFOPLIST_FILE = LostCharacters/Info.plist;
				LD_RUNPATH_SEARCH_PATHS = "$(inherited) @executable_path/Frameworks";
				PRODUCT_NAME = "$(TARGET_NAME)";
			};
			name = Release;
		};
		18CAA8CB1AD2FB210068C745 /* Debug */ = {
			isa = XCBuildConfiguration;
			buildSettings = {
				BUNDLE_LOADER = "$(TEST_HOST)";
				FRAMEWORK_SEARCH_PATHS = (
					"$(SDKROOT)/Developer/Library/Frameworks",
					"$(inherited)",
				);
				GCC_PREPROCESSOR_DEFINITIONS = (
					"DEBUG=1",
					"$(inherited)",
				);
				INFOPLIST_FILE = LostCharactersTests/Info.plist;
				LD_RUNPATH_SEARCH_PATHS = "$(inherited) @executable_path/Frameworks @loader_path/Frameworks";
				PRODUCT_NAME = "$(TARGET_NAME)";
				TEST_HOST = "$(BUILT_PRODUCTS_DIR)/LostCharacters.app/LostCharacters";
			};
			name = Debug;
		};
		18CAA8CC1AD2FB210068C745 /* Release */ = {
			isa = XCBuildConfiguration;
			buildSettings = {
				BUNDLE_LOADER = "$(TEST_HOST)";
				FRAMEWORK_SEARCH_PATHS = (
					"$(SDKROOT)/Developer/Library/Frameworks",
					"$(inherited)",
				);
				INFOPLIST_FILE = LostCharactersTests/Info.plist;
				LD_RUNPATH_SEARCH_PATHS = "$(inherited) @executable_path/Frameworks @loader_path/Frameworks";
				PRODUCT_NAME = "$(TARGET_NAME)";
				TEST_HOST = "$(BUILT_PRODUCTS_DIR)/LostCharacters.app/LostCharacters";
			};
			name = Release;
		};
/* End XCBuildConfiguration section */

/* Begin XCConfigurationList section */
		18CAA89C1AD2FB210068C745 /* Build configuration list for PBXProject "LostCharacters" */ = {
			isa = XCConfigurationList;
			buildConfigurations = (
				18CAA8C51AD2FB210068C745 /* Debug */,
				18CAA8C61AD2FB210068C745 /* Release */,
			);
			defaultConfigurationIsVisible = 0;
			defaultConfigurationName = Release;
		};
		18CAA8C71AD2FB210068C745 /* Build configuration list for PBXNativeTarget "LostCharacters" */ = {
			isa = XCConfigurationList;
			buildConfigurations = (
				18CAA8C81AD2FB210068C745 /* Debug */,
				18CAA8C91AD2FB210068C745 /* Release */,
			);
			defaultConfigurationIsVisible = 0;
		};
		18CAA8CA1AD2FB210068C745 /* Build configuration list for PBXNativeTarget "LostCharactersTests" */ = {
			isa = XCConfigurationList;
			buildConfigurations = (
				18CAA8CB1AD2FB210068C745 /* Debug */,
				18CAA8CC1AD2FB210068C745 /* Release */,
			);
			defaultConfigurationIsVisible = 0;
		};
/* End XCConfigurationList section */

/* Begin XCVersionGroup section */
		18CAA8AB1AD2FB210068C745 /* LostCharacters.xcdatamodeld */ = {
			isa = XCVersionGroup;
			children = (
				18CAA8AC1AD2FB210068C745 /* LostCharacters.xcdatamodel */,
			);
			currentVersion = 18CAA8AC1AD2FB210068C745 /* LostCharacters.xcdatamodel */;
			path = LostCharacters.xcdatamodeld;
			sourceTree = "<group>";
			versionGroupType = wrapper.xcdatamodel;
		};
/* End XCVersionGroup section */
	};
	rootObject = 18CAA8991AD2FB210068C745 /* Project object */;
}
